
Microsoft Visual Studio Solution File, Format Version 12.00
# Visual Studio Version 16
VisualStudioVersion = 16.0.32106.194
MinimumVisualStudioVersion = 10.0.40219.1
Project("{FAE04EC0-301F-11D3-BF4B-00C04F79EFBC}") = "ProjectB", "ProjectB.csproj", "{77B1E4FE-FB50-4B18-AFD1-A01B23169797}"
EndProject
Global
	GlobalSection(SolutionConfigurationPlatforms) = preSolution
		Debug|Any CPU = Debug|Any CPU
		Release|Any CPU = Release|Any CPU
	EndGlobalSection
	GlobalSection(ProjectConfigurationPlatforms) = postSolution
		{77B1E4FE-FB50-4B18-AFD1-A01B23169797}.Debug|Any CPU.ActiveCfg = Debug|Any CPU
		{77B1E4FE-FB50-4B18-AFD1-A01B23169797}.Debug|Any CPU.Build.0 = Debug|Any CPU
		{77B1E4FE-FB50-4B18-AFD1-A01B23169797}.Release|Any CPU.ActiveCfg = Release|Any CPU
		{77B1E4FE-FB50-4B18-AFD1-A01B23169797}.Release|Any CPU.Build.0 = Release|Any CPU
	EndGlobalSection
	GlobalSection(SolutionProperties) = preSolution
		HideSolutionNode = FALSE
	EndGlobalSection
	GlobalSection(ExtensibilityGlobals) = postSolution
		SolutionGuid = {CC88FFC4-179C-4954-A388-37DF89B4CAD5}
	EndGlobalSection
EndGlobal
